
Microsoft Visual Studio Solution File, Format Version 12.00
# Visual Studio Version 17
VisualStudioVersion = 17.0.31903.59
MinimumVisualStudioVersion = 10.0.40219.1
Project("{FAE04EC0-301F-11D3-BF4B-00C04F79EFBC}") = "CoolChat.Business", "CoolChat.Business\CoolChat.Business.csproj", "{084BDF9B-0AC0-4635-9EAA-7D6B56D57C0B}"
EndProject
Project("{FAE04EC0-301F-11D3-BF4B-00C04F79EFBC}") = "CoolChat.Data.EntityFramework", "CoolChat.Data.EntityFramework\CoolChat.Data.EntityFramework.csproj", "{BDE10683-F1AA-4716-9D99-C51548E93B44}"
EndProject
Project("{FAE04EC0-301F-11D3-BF4B-00C04F79EFBC}") = "CoolChat.Domain", "CoolChat.Domain\CoolChat.Domain.csproj", "{94D23577-D72B-416A-B43E-7CF5B72060C7}"
EndProject
Project("{FAE04EC0-301F-11D3-BF4B-00C04F79EFBC}") = "CoolChat.Server.ASPNET", "CoolChat.Server.ASPNET\CoolChat.Server.ASPNET.csproj", "{17905AAB-FF03-4C02-9EA0-20336347D459}"
EndProject
Global
	GlobalSection(SolutionConfigurationPlatforms) = preSolution
		Debug|Any CPU = Debug|Any CPU
		Release|Any CPU = Release|Any CPU
	EndGlobalSection
	GlobalSection(SolutionProperties) = preSolution
		HideSolutionNode = FALSE
	EndGlobalSection
	GlobalSection(ProjectConfigurationPlatforms) = postSolution
		{084BDF9B-0AC0-4635-9EAA-7D6B56D57C0B}.Debug|Any CPU.ActiveCfg = Debug|Any CPU
		{084BDF9B-0AC0-4635-9EAA-7D6B56D57C0B}.Debug|Any CPU.Build.0 = Debug|Any CPU
		{084BDF9B-0AC0-4635-9EAA-7D6B56D57C0B}.Release|Any CPU.ActiveCfg = Release|Any CPU
		{084BDF9B-0AC0-4635-9EAA-7D6B56D57C0B}.Release|Any CPU.Build.0 = Release|Any CPU
		{BDE10683-F1AA-4716-9D99-C51548E93B44}.Debug|Any CPU.ActiveCfg = Debug|Any CPU
		{BDE10683-F1AA-4716-9D99-C51548E93B44}.Debug|Any CPU.Build.0 = Debug|Any CPU
		{BDE10683-F1AA-4716-9D99-C51548E93B44}.Release|Any CPU.ActiveCfg = Release|Any CPU
		{BDE10683-F1AA-4716-9D99-C51548E93B44}.Release|Any CPU.Build.0 = Release|Any CPU
		{94D23577-D72B-416A-B43E-7CF5B72060C7}.Debug|Any CPU.ActiveCfg = Debug|Any CPU
		{94D23577-D72B-416A-B43E-7CF5B72060C7}.Debug|Any CPU.Build.0 = Debug|Any CPU
		{94D23577-D72B-416A-B43E-7CF5B72060C7}.Release|Any CPU.ActiveCfg = Release|Any CPU
		{94D23577-D72B-416A-B43E-7CF5B72060C7}.Release|Any CPU.Build.0 = Release|Any CPU
		{17905AAB-FF03-4C02-9EA0-20336347D459}.Debug|Any CPU.ActiveCfg = Debug|Any CPU
		{17905AAB-FF03-4C02-9EA0-20336347D459}.Debug|Any CPU.Build.0 = Debug|Any CPU
		{17905AAB-FF03-4C02-9EA0-20336347D459}.Release|Any CPU.ActiveCfg = Release|Any CPU
		{17905AAB-FF03-4C02-9EA0-20336347D459}.Release|Any CPU.Build.0 = Release|Any CPU
	EndGlobalSection
EndGlobal
